
Microsoft Visual Studio Solution File, Format Version 12.00
# Visual Studio Version 17
VisualStudioVersion = 17.8.34330.188
MinimumVisualStudioVersion = 10.0.40219.1
Project("{FAE04EC0-301F-11D3-BF4B-00C04F79EFBC}") = "Backend", "Backend\Backend.csproj", "{02568BE0-8058-416F-8E76-A1DB6E69CB14}"
EndProject
Global
	GlobalSection(SolutionConfigurationPlatforms) = preSolution
		Debug|Any CPU = Debug|Any CPU
		Release|Any CPU = Release|Any CPU
	EndGlobalSection
	GlobalSection(ProjectConfigurationPlatforms) = postSolution
		{02568BE0-8058-416F-8E76-A1DB6E69CB14}.Debug|Any CPU.ActiveCfg = Debug|Any CPU
		{02568BE0-8058-416F-8E76-A1DB6E69CB14}.Debug|Any CPU.Build.0 = Debug|Any CPU
		{02568BE0-8058-416F-8E76-A1DB6E69CB14}.Release|Any CPU.ActiveCfg = Release|Any CPU
		{02568BE0-8058-416F-8E76-A1DB6E69CB14}.Release|Any CPU.Build.0 = Release|Any CPU
	EndGlobalSection
	GlobalSection(SolutionProperties) = preSolution
		HideSolutionNode = FALSE
	EndGlobalSection
	GlobalSection(ExtensibilityGlobals) = postSolution
		SolutionGuid = {687B2D0A-D0A7-4B66-AC77-C527827E3ADA}
	EndGlobalSection
EndGlobal
